PODS:
  - Charts (3.0.3):
    - Charts/Core (= 3.0.3)
  - Charts/Core (3.0.3)
  - iOSDFULibrary (3.2.1):
    - Zip (~> 0.7)
  - IOSThingyLibrary (1.1.1):
    - iOSDFULibrary (~> 3.0)
  - Keychain (0.3.1)
  - Nimble (7.0.1)
  - Quick (1.1.0)
  - SDCAlertView (7.1.2)
  - SWRevealViewController (2.3.0)
  - Zip (0.7.0)

DEPENDENCIES:
  - Charts (~> 3)
  - IOSThingyLibrary (from `../`)
  - Keychain (~> 0.3)
  - Nimble (~> 7)
  - Quick
  - SDCAlertView (~> 7)
  - SWRevealViewController (~> 2)

EXTERNAL SOURCES:
  IOSThingyLibrary:
    :path: ../

SPEC CHECKSUMS:
  Charts: bcde37724c161958c1438dd4883971fcb2d50c06
  iOSDFULibrary: f9544a7099c914eb5f1002dc58a5ff8c67dbc86d
  IOSThingyLibrary: 269fe96a5fea017ddfded0244951f6e3d970b555
  Keychain: ef812eafcf6593fe4409b07cfecc00b95fb373ed
  Nimble: 657d000e11df8aebe27cdaf9d244de7f30ed87f7
  Quick: dafc587e21eed9f4cab3249b9f9015b0b7a7f71d
  SDCAlertView: c39fa91a3aeb5eeba58fe9cea648263b131ff2bf
  SWRevealViewController: 6d3fd97f70112fd7cef9de14df4260eacce4c63a
  Zip: e34513299ac38c0686d5b24504da7ce343799ab9

PODFILE CHECKSUM: 25dbd505af69b0916b84001918f621c567af7179

COCOAPODS: 1.3.1
