PODS:
  - Charts (3.0.2):
    - Charts/Core (= 3.0.2)
  - Charts/Core (3.0.2)
  - iOSDFULibrary (3.1.0):
    - Zip (~> 0.7)
  - IOSThingyLibrary (1.0):
    - iOSDFULibrary (~> 3.0)
  - Keychain (0.3.1)
  - Nimble (7.0.0)
  - Quick (1.1.0)
  - SDCAlertView (7.1.2)
  - SWRevealViewController (2.3.0)
  - Zip (0.7.0)

DEPENDENCIES:
  - Charts (~> 3)
  - IOSThingyLibrary (from `../`)
  - Keychain (~> 0.3)
  - Nimble (~> 7)
  - Quick
  - SDCAlertView (~> 7)
  - SWRevealViewController (~> 2)

EXTERNAL SOURCES:
  IOSThingyLibrary:
    :path: ../

SPEC CHECKSUMS:
  Charts: 236d6ccdd0ce6feae151d89e829a7397381a21fd
  iOSDFULibrary: 3b8a3014e3e4d1bec99b634b2f79fa856e28e556
  IOSThingyLibrary: 269fe96a5fea017ddfded0244951f6e3d970b555
  Keychain: ef812eafcf6593fe4409b07cfecc00b95fb373ed
  Nimble: 874982b605d4d752fcac6be695d13c502de84b1b
  Quick: dafc587e21eed9f4cab3249b9f9015b0b7a7f71d
  SDCAlertView: c39fa91a3aeb5eeba58fe9cea648263b131ff2bf
  SWRevealViewController: 6d3fd97f70112fd7cef9de14df4260eacce4c63a
  Zip: e34513299ac38c0686d5b24504da7ce343799ab9

PODFILE CHECKSUM: 72be2ad003188d9a7f7cdab71dd29a25b8d1c59b

COCOAPODS: 1.2.1
